{
  "originHash" : "264e133f89de8424962f607e4973841bb99b4aeb3c95666c132205f0a27d7097",
  "pins" : [
    {
      "identity" : "wishkit-ios",
      "kind" : "remoteSourceControl",
      "location" : "https://github.com/wishkit/wishkit-ios.git",
      "state" : {
        "revision" : "118af81a5747285bf223e957541721889ab1f564",
        "version" : "4.6.0"
      }
    },
    {
      "identity" : "wishkit-ios-shared",
      "kind" : "remoteSourceControl",
      "location" : "https://github.com/wishkit/wishkit-ios-shared.git",
      "state" : {
        "revision" : "cd184932bcdbdc8766137ef8ecac63c424be93a7",
        "version" : "1.5.0"
      }
    }
  ],
  "version" : 3
}
