// !$*UTF8*$!
{
	archiveVersion = 1;
	classes = {
	};
	objectVersion = 77;
	objects = {

/* Begin PBXBuildFile section */
		FD478DC22D1D48CC00A70534 /* WishKit in Frameworks */ = {isa = PBXBuildFile; productRef = FD478DC12D1D48CC00A70534 /* WishKit */; };
		FD81931F2D28355800A1394A /* GoogleMobileAds in Frameworks */ = {isa = PBXBuildFile; productRef = FD81931E2D28355800A1394A /* GoogleMobileAds */; };
/* End PBXBuildFile section */

/* Begin PBXContainerItemProxy section */
		FDEE7CE42D1AB25C0033329F /* PBXContainerItemProxy */ = {
			isa = PBXContainerItemProxy;
			containerPortal = FDEE7CCB2D1AB25A0033329F /* Project object */;
			proxyType = 1;
			remoteGlobalIDString = FDEE7CD22D1AB25A0033329F;
			remoteInfo = SamoBus;
		};
		FDEE7CEE2D1AB25C0033329F /* PBXContainerItemProxy */ = {
			isa = PBXContainerItemProxy;
			containerPortal = FDEE7CCB2D1AB25A0033329F /* Project object */;
			proxyType = 1;
			remoteGlobalIDString = FDEE7CD22D1AB25A0033329F;
			remoteInfo = SamoBus;
		};
/* End PBXContainerItemProxy section */

/* Begin PBXFileReference section */
		FDA2DE422D20816700FBEBC4 /* SamoBus.app */ = {isa = PBXFileReference; explicitFileType = wrapper.application; includeInIndex = 0; path = SamoBus.app; sourceTree = BUILT_PRODUCTS_DIR; };
		FDA2DE432D20816700FBEBC4 /* SamoBusTests.xctest */ = {isa = PBXFileReference; explicitFileType = wrapper.cfbundle; includeInIndex = 0; path = SamoBusTests.xctest; sourceTree = BUILT_PRODUCTS_DIR; };
		FDA2DE442D20816700FBEBC4 /* SamoBusUITests.xctest */ = {isa = PBXFileReference; explicitFileType = wrapper.cfbundle; includeInIndex = 0; path = SamoBusUITests.xctest; sourceTree = BUILT_PRODUCTS_DIR; };
/* End PBXFileReference section */

/* Begin PBXFileSystemSynchronizedBuildFileExceptionSet section */
		FDD4B7CA2D208895006C68A0 /* Exceptions for "SamoBus" folder in "SamoBus" target */ = {
			isa = PBXFileSystemSynchronizedBuildFileExceptionSet;
			membershipExceptions = (
				Info.plist,
			);
			target = FDEE7CD22D1AB25A0033329F /* SamoBus */;
		};
/* End PBXFileSystemSynchronizedBuildFileExceptionSet section */

/* Begin PBXFileSystemSynchronizedRootGroup section */
		FDEE7CD52D1AB25A0033329F /* SamoBus */ = {
			isa = PBXFileSystemSynchronizedRootGroup;
			exceptions = (
				FDD4B7CA2D208895006C68A0 /* Exceptions for "SamoBus" folder in "SamoBus" target */,
			);
			path = SamoBus;
			sourceTree = "<group>";
		};
		FDEE7CE62D1AB25C0033329F /* SamoBusTests */ = {
			isa = PBXFileSystemSynchronizedRootGroup;
			path = SamoBusTests;
			sourceTree = "<group>";
		};
		FDEE7CF02D1AB25C0033329F /* SamoBusUITests */ = {
			isa = PBXFileSystemSynchronizedRootGroup;
			path = SamoBusUITests;
			sourceTree = "<group>";
		};
/* End PBXFileSystemSynchronizedRootGroup section */

/* Begin PBXFrameworksBuildPhase section */
		FDEE7CD02D1AB25A0033329F /* Frameworks */ = {
			isa = PBXFrameworksBuildPhase;
			buildActionMask = 2147483647;
			files = (
				FD81931F2D28355800A1394A /* GoogleMobileAds in Frameworks */,
				FD478DC22D1D48CC00A70534 /* WishKit in Frameworks */,
			);
			runOnlyForDeploymentPostprocessing = 0;
		};
		FDEE7CE02D1AB25C0033329F /* Frameworks */ = {
			isa = PBXFrameworksBuildPhase;
			buildActionMask = 2147483647;
			files = (
			);
			runOnlyForDeploymentPostprocessing = 0;
		};
		FDEE7CEA2D1AB25C0033329F /* Frameworks */ = {
			isa = PBXFrameworksBuildPhase;
			buildActionMask = 2147483647;
			files = (
			);
			runOnlyForDeploymentPostprocessing = 0;
		};
/* End PBXFrameworksBuildPhase section */

/* Begin PBXGroup section */
		FD81931D2D28355800A1394A /* Frameworks */ = {
			isa = PBXGroup;
			children = (
			);
			name = Frameworks;
			sourceTree = "<group>";
		};
		FDEE7CCA2D1AB25A0033329F = {
			isa = PBXGroup;
			children = (
				FDEE7CD52D1AB25A0033329F /* SamoBus */,
				FDEE7CE62D1AB25C0033329F /* SamoBusTests */,
				FDEE7CF02D1AB25C0033329F /* SamoBusUITests */,
				FDA2DE422D20816700FBEBC4 /* SamoBus.app */,
				FDA2DE432D20816700FBEBC4 /* SamoBusTests.xctest */,
				FDA2DE442D20816700FBEBC4 /* SamoBusUITests.xctest */,
				FD81931D2D28355800A1394A /* Frameworks */,
			);
			sourceTree = "<group>";
		};
/* End PBXGroup section */

/* Begin PBXNativeTarget section */
		FDEE7CD22D1AB25A0033329F /* SamoBus */ = {
			isa = PBXNativeTarget;
			buildConfigurationList = FDEE7CF72D1AB25C0033329F /* Build configuration list for PBXNativeTarget "SamoBus" */;
			buildPhases = (
				FDEE7CCF2D1AB25A0033329F /* Sources */,
				FDEE7CD02D1AB25A0033329F /* Frameworks */,
				FDEE7CD12D1AB25A0033329F /* Resources */,
			);
			buildRules = (
			);
			dependencies = (
			);
			fileSystemSynchronizedGroups = (
				FDEE7CD52D1AB25A0033329F /* SamoBus */,
			);
			name = SamoBus;
			packageProductDependencies = (
				FD478DC12D1D48CC00A70534 /* WishKit */,
				FD81931E2D28355800A1394A /* GoogleMobileAds */,
			);
			productName = SamoBus;
			productReference = FDA2DE422D20816700FBEBC4 /* SamoBus.app */;
			productType = "com.apple.product-type.application";
		};
		FDEE7CE22D1AB25C0033329F /* SamoBusTests */ = {
			isa = PBXNativeTarget;
			buildConfigurationList = FDEE7CFA2D1AB25C0033329F /* Build configuration list for PBXNativeTarget "SamoBusTests" */;
			buildPhases = (
				FDEE7CDF2D1AB25C0033329F /* Sources */,
				FDEE7CE02D1AB25C0033329F /* Frameworks */,
				FDEE7CE12D1AB25C0033329F /* Resources */,
			);
			buildRules = (
			);
			dependencies = (
				FDEE7CE52D1AB25C0033329F /* PBXTargetDependency */,
			);
			fileSystemSynchronizedGroups = (
				FDEE7CE62D1AB25C0033329F /* SamoBusTests */,
			);
			name = SamoBusTests;
			productName = SamoBusTests;
			productReference = FDA2DE432D20816700FBEBC4 /* SamoBusTests.xctest */;
			productType = "com.apple.product-type.bundle.unit-test";
		};
		FDEE7CEC2D1AB25C0033329F /* SamoBusUITests */ = {
			isa = PBXNativeTarget;
			buildConfigurationList = FDEE7CFD2D1AB25C0033329F /* Build configuration list for PBXNativeTarget "SamoBusUITests" */;
			buildPhases = (
				FDEE7CE92D1AB25C0033329F /* Sources */,
				FDEE7CEA2D1AB25C0033329F /* Frameworks */,
				FDEE7CEB2D1AB25C0033329F /* Resources */,
			);
			buildRules = (
			);
			dependencies = (
				FDEE7CEF2D1AB25C0033329F /* PBXTargetDependency */,
			);
			fileSystemSynchronizedGroups = (
				FDEE7CF02D1AB25C0033329F /* SamoBusUITests */,
			);
			name = SamoBusUITests;
			productName = SamoBusUITests;
			productReference = FDA2DE442D20816700FBEBC4 /* SamoBusUITests.xctest */;
			productType = "com.apple.product-type.bundle.ui-testing";
		};
/* End PBXNativeTarget section */

/* Begin PBXProject section */
		FDEE7CCB2D1AB25A0033329F /* Project object */ = {
			isa = PBXProject;
			attributes = {
				BuildIndependentTargetsInParallel = 1;
				LastSwiftUpdateCheck = 1620;
				LastUpgradeCheck = 1620;
				TargetAttributes = {
					FDEE7CD22D1AB25A0033329F = {
						CreatedOnToolsVersion = 16.2;
					};
					FDEE7CE22D1AB25C0033329F = {
						CreatedOnToolsVersion = 16.2;
						TestTargetID = FDEE7CD22D1AB25A0033329F;
					};
					FDEE7CEC2D1AB25C0033329F = {
						CreatedOnToolsVersion = 16.2;
						TestTargetID = FDEE7CD22D1AB25A0033329F;
					};
				};
			};
			buildConfigurationList = FDEE7CCE2D1AB25A0033329F /* Build configuration list for PBXProject "SamoBus" */;
			developmentRegion = en;
			hasScannedForEncodings = 0;
			knownRegions = (
				en,
				Base,
				hr,
			);
			mainGroup = FDEE7CCA2D1AB25A0033329F;
			minimizedProjectReferenceProxies = 1;
			packageReferences = (
				FD9411592D1ABFCD003D5BC5 /* XCRemoteSwiftPackageReference "wishkit-ios" */,
				FD81931C2D28350C00A1394A /* XCRemoteSwiftPackageReference "swift-package-manager-google-mobile-ads" */,
			);
			preferredProjectObjectVersion = 77;
			productRefGroup = FDEE7CCA2D1AB25A0033329F;
			projectDirPath = "";
			projectRoot = "";
			targets = (
				FDEE7CD22D1AB25A0033329F /* SamoBus */,
				FDEE7CE22D1AB25C0033329F /* SamoBusTests */,
				FDEE7CEC2D1AB25C0033329F /* SamoBusUITests */,
			);
		};
/* End PBXProject section */

/* Begin PBXResourcesBuildPhase section */
		FDEE7CD12D1AB25A0033329F /* Resources */ = {
			isa = PBXResourcesBuildPhase;
			buildActionMask = 2147483647;
			files = (
			);
			runOnlyForDeploymentPostprocessing = 0;
		};
		FDEE7CE12D1AB25C0033329F /* Resources */ = {
			isa = PBXResourcesBuildPhase;
			buildActionMask = 2147483647;
			files = (
			);
			runOnlyForDeploymentPostprocessing = 0;
		};
		FDEE7CEB2D1AB25C0033329F /* Resources */ = {
			isa = PBXResourcesBuildPhase;
			buildActionMask = 2147483647;
			files = (
			);
			runOnlyForDeploymentPostprocessing = 0;
		};
/* End PBXResourcesBuildPhase section */

/* Begin PBXSourcesBuildPhase section */
		FDEE7CCF2D1AB25A0033329F /* Sources */ = {
			isa = PBXSourcesBuildPhase;
			buildActionMask = 2147483647;
			files = (
			);
			runOnlyForDeploymentPostprocessing = 0;
		};
		FDEE7CDF2D1AB25C0033329F /* Sources */ = {
			isa = PBXSourcesBuildPhase;
			buildActionMask = 2147483647;
			files = (
			);
			runOnlyForDeploymentPostprocessing = 0;
		};
		FDEE7CE92D1AB25C0033329F /* Sources */ = {
			isa = PBXSourcesBuildPhase;
			buildActionMask = 2147483647;
			files = (
			);
			runOnlyForDeploymentPostprocessing = 0;
		};
/* End PBXSourcesBuildPhase section */

/* Begin PBXTargetDependency section */
		FDEE7CE52D1AB25C0033329F /* PBXTargetDependency */ = {
			isa = PBXTargetDependency;
			target = FDEE7CD22D1AB25A0033329F /* SamoBus */;
			targetProxy = FDEE7CE42D1AB25C0033329F /* PBXContainerItemProxy */;
		};
		FDEE7CEF2D1AB25C0033329F /* PBXTargetDependency */ = {
			isa = PBXTargetDependency;
			target = FDEE7CD22D1AB25A0033329F /* SamoBus */;
			targetProxy = FDEE7CEE2D1AB25C0033329F /* PBXContainerItemProxy */;
		};
/* End PBXTargetDependency section */

/* Begin XCBuildConfiguration section */
		FDEE7CF52D1AB25C0033329F /* Debug */ = {
			isa = XCBuildConfiguration;
			buildSettings = {
				ALWAYS_SEARCH_USER_PATHS = NO;
				ASSETCATALOG_COMPILER_GENERATE_SWIFT_ASSET_SYMBOL_EXTENSIONS = YES;
				CLANG_ANALYZER_NONNULL = YES;
				CLANG_ANALYZER_NUMBER_OBJECT_CONVERSION = YES_AGGRESSIVE;
				CLANG_CXX_LANGUAGE_STANDARD = "gnu++20";
				CLANG_ENABLE_MODULES = YES;
				CLANG_ENABLE_OBJC_ARC = YES;
				CLANG_ENABLE_OBJC_WEAK = YES;
				CLANG_WARN_BLOCK_CAPTURE_AUTORELEASING = YES;
				CLANG_WARN_BOOL_CONVERSION = YES;
				CLANG_WARN_COMMA = YES;
				CLANG_WARN_CONSTANT_CONVERSION = YES;
				CLANG_WARN_DEPRECATED_OBJC_IMPLEMENTATIONS = YES;
				CLANG_WARN_DIRECT_OBJC_ISA_USAGE = YES_ERROR;
				CLANG_WARN_DOCUMENTATION_COMMENTS = YES;
				CLANG_WARN_EMPTY_BODY = YES;
				CLANG_WARN_ENUM_CONVERSION = YES;
				CLANG_WARN_INFINITE_RECURSION = YES;
				CLANG_WARN_INT_CONVERSION = YES;
				CLANG_WARN_NON_LITERAL_NULL_CONVERSION = YES;
				CLANG_WARN_OBJC_IMPLICIT_RETAIN_SELF = YES;
				CLANG_WARN_OBJC_LITERAL_CONVERSION = YES;
				CLANG_WARN_OBJC_ROOT_CLASS = YES_ERROR;
				CLANG_WARN_QUOTED_INCLUDE_IN_FRAMEWORK_HEADER = YES;
				CLANG_WARN_RANGE_LOOP_ANALYSIS = YES;
				CLANG_WARN_STRICT_PROTOTYPES = YES;
				CLANG_WARN_SUSPICIOUS_MOVE = YES;
				CLANG_WARN_UNGUARDED_AVAILABILITY = YES_AGGRESSIVE;
				CLANG_WARN_UNREACHABLE_CODE = YES;
				CLANG_WARN__DUPLICATE_METHOD_MATCH = YES;
				COPY_PHASE_STRIP = NO;
				DEBUG_INFORMATION_FORMAT = dwarf;
				ENABLE_STRICT_OBJC_MSGSEND = YES;
				ENABLE_TESTABILITY = YES;
				ENABLE_USER_SCRIPT_SANDBOXING = YES;
				GCC_C_LANGUAGE_STANDARD = gnu17;
				GCC_DYNAMIC_NO_PIC = NO;
				GCC_NO_COMMON_BLOCKS = YES;
				GCC_OPTIMIZATION_LEVEL = 0;
				GCC_PREPROCESSOR_DEFINITIONS = (
					"DEBUG=1",
					"$(inherited)",
				);
				GCC_WARN_64_TO_32_BIT_CONVERSION = YES;
				GCC_WARN_ABOUT_RETURN_TYPE = YES_ERROR;
				GCC_WARN_UNDECLARED_SELECTOR = YES;
				GCC_WARN_UNINITIALIZED_AUTOS = YES_AGGRESSIVE;
				GCC_WARN_UNUSED_FUNCTION = YES;
				GCC_WARN_UNUSED_VARIABLE = YES;
				IPHONEOS_DEPLOYMENT_TARGET = 18.2;
				LOCALIZATION_PREFERS_STRING_CATALOGS = YES;
				MTL_ENABLE_DEBUG_INFO = INCLUDE_SOURCE;
				MTL_FAST_MATH = YES;
				ONLY_ACTIVE_ARCH = YES;
				SDKROOT = iphoneos;
				SWIFT_ACTIVE_COMPILATION_CONDITIONS = "DEBUG $(inherited)";
				SWIFT_OPTIMIZATION_LEVEL = "-Onone";
			};
			name = Debug;
		};
		FDEE7CF62D1AB25C0033329F /* Release */ = {
			isa = XCBuildConfiguration;
			buildSettings = {
				ALWAYS_SEARCH_USER_PATHS = NO;
				ASSETCATALOG_COMPILER_GENERATE_SWIFT_ASSET_SYMBOL_EXTENSIONS = YES;
				CLANG_ANALYZER_NONNULL = YES;
				CLANG_ANALYZER_NUMBER_OBJECT_CONVERSION = YES_AGGRESSIVE;
				CLANG_CXX_LANGUAGE_STANDARD = "gnu++20";
				CLANG_ENABLE_MODULES = YES;
				CLANG_ENABLE_OBJC_ARC = YES;
				CLANG_ENABLE_OBJC_WEAK = YES;
				CLANG_WARN_BLOCK_CAPTURE_AUTORELEASING = YES;
				CLANG_WARN_BOOL_CONVERSION = YES;
				CLANG_WARN_COMMA = YES;
				CLANG_WARN_CONSTANT_CONVERSION = YES;
				CLANG_WARN_DEPRECATED_OBJC_IMPLEMENTATIONS = YES;
				CLANG_WARN_DIRECT_OBJC_ISA_USAGE = YES_ERROR;
				CLANG_WARN_DOCUMENTATION_COMMENTS = YES;
				CLANG_WARN_EMPTY_BODY = YES;
				CLANG_WARN_ENUM_CONVERSION = YES;
				CLANG_WARN_INFINITE_RECURSION = YES;
				CLANG_WARN_INT_CONVERSION = YES;
				CLANG_WARN_NON_LITERAL_NULL_CONVERSION = YES;
				CLANG_WARN_OBJC_IMPLICIT_RETAIN_SELF = YES;
				CLANG_WARN_OBJC_LITERAL_CONVERSION = YES;
				CLANG_WARN_OBJC_ROOT_CLASS = YES_ERROR;
				CLANG_WARN_QUOTED_INCLUDE_IN_FRAMEWORK_HEADER = YES;
				CLANG_WARN_RANGE_LOOP_ANALYSIS = YES;
				CLANG_WARN_STRICT_PROTOTYPES = YES;
				CLANG_WARN_SUSPICIOUS_MOVE = YES;
				CLANG_WARN_UNGUARDED_AVAILABILITY = YES_AGGRESSIVE;
				CLANG_WARN_UNREACHABLE_CODE = YES;
				CLANG_WARN__DUPLICATE_METHOD_MATCH = YES;
				COPY_PHASE_STRIP = NO;
				DEBUG_INFORMATION_FORMAT = "dwarf-with-dsym";
				ENABLE_NS_ASSERTIONS = NO;
				ENABLE_STRICT_OBJC_MSGSEND = YES;
				ENABLE_USER_SCRIPT_SANDBOXING = YES;
				GCC_C_LANGUAGE_STANDARD = gnu17;
				GCC_NO_COMMON_BLOCKS = YES;
				GCC_WARN_64_TO_32_BIT_CONVERSION = YES;
				GCC_WARN_ABOUT_RETURN_TYPE = YES_ERROR;
				GCC_WARN_UNDECLARED_SELECTOR = YES;
				GCC_WARN_UNINITIALIZED_AUTOS = YES_AGGRESSIVE;
				GCC_WARN_UNUSED_FUNCTION = YES;
				GCC_WARN_UNUSED_VARIABLE = YES;
				IPHONEOS_DEPLOYMENT_TARGET = 18.2;
				LOCALIZATION_PREFERS_STRING_CATALOGS = YES;
				MTL_ENABLE_DEBUG_INFO = NO;
				MTL_FAST_MATH = YES;
				SDKROOT = iphoneos;
				SWIFT_COMPILATION_MODE = wholemodule;
				VALIDATE_PRODUCT = YES;
			};
			name = Release;
		};
		FDEE7CF82D1AB25C0033329F /* Debug */ = {
			isa = XCBuildConfiguration;
			buildSettings = {
				ASSETCATALOG_COMPILER_APPICON_NAME = AppIcon;
				ASSETCATALOG_COMPILER_GLOBAL_ACCENT_COLOR_NAME = AccentColor;
				CODE_SIGN_ENTITLEMENTS = SamoBus/SamoBus.entitlements;
				CODE_SIGN_IDENTITY = "Apple Development";
				CODE_SIGN_STYLE = Automatic;
				CURRENT_PROJECT_VERSION = 1;
				DEVELOPMENT_ASSET_PATHS = "\"SamoBus/Preview Content\"";
				DEVELOPMENT_TEAM = 6DJ8U75L57;
				ENABLE_PREVIEWS = YES;
				GENERATE_INFOPLIST_FILE = YES;
				INFOPLIST_FILE = SamoBus/Info.plist;
				INFOPLIST_KEY_LSApplicationCategoryType = "public.app-category.travel";
				INFOPLIST_KEY_UIApplicationSceneManifest_Generation = YES;
				INFOPLIST_KEY_UIApplicationSupportsIndirectInputEvents = YES;
				INFOPLIST_KEY_UILaunchScreen_Generation = YES;
				INFOPLIST_KEY_UIStatusBarStyle = "";
				INFOPLIST_KEY_UISupportedInterfaceOrientations = UIInterfaceOrientationPortrait;
				IPHONEOS_DEPLOYMENT_TARGET = 18.0;
				LD_RUNPATH_SEARCH_PATHS = (
					"$(inherited)",
					"@executable_path/Frameworks",
				);
				MARKETING_VERSION = 1.0;
				PRODUCT_BUNDLE_IDENTIFIER = mihael.koic.SamoBus;
				PRODUCT_NAME = "$(TARGET_NAME)";
				PROVISIONING_PROFILE_SPECIFIER = "";
				SWIFT_EMIT_LOC_STRINGS = YES;
				SWIFT_VERSION = 5.0;
				TARGETED_DEVICE_FAMILY = "1,2";
			};
			name = Debug;
		};
		FDEE7CF92D1AB25C0033329F /* Release */ = {
			isa = XCBuildConfiguration;
			buildSettings = {
				ASSETCATALOG_COMPILER_APPICON_NAME = AppIcon;
				ASSETCATALOG_COMPILER_GLOBAL_ACCENT_COLOR_NAME = AccentColor;
				CODE_SIGN_ENTITLEMENTS = SamoBus/SamoBus.entitlements;
				CODE_SIGN_IDENTITY = "Apple Development";
				CODE_SIGN_STYLE = Automatic;
				CURRENT_PROJECT_VERSION = 1;
				DEVELOPMENT_ASSET_PATHS = "\"SamoBus/Preview Content\"";
				DEVELOPMENT_TEAM = 6DJ8U75L57;
				ENABLE_PREVIEWS = YES;
				GENERATE_INFOPLIST_FILE = YES;
				INFOPLIST_FILE = SamoBus/Info.plist;
				INFOPLIST_KEY_LSApplicationCategoryType = "public.app-category.travel";
				INFOPLIST_KEY_UIApplicationSceneManifest_Generation = YES;
				INFOPLIST_KEY_UIApplicationSupportsIndirectInputEvents = YES;
				INFOPLIST_KEY_UILaunchScreen_Generation = YES;
				INFOPLIST_KEY_UIStatusBarStyle = "";
				INFOPLIST_KEY_UISupportedInterfaceOrientations = UIInterfaceOrientationPortrait;
				IPHONEOS_DEPLOYMENT_TARGET = 18.2;
				LD_RUNPATH_SEARCH_PATHS = (
					"$(inherited)",
					"@executable_path/Frameworks",
				);
				MARKETING_VERSION = 1.0;
				PRODUCT_BUNDLE_IDENTIFIER = mihael.koic.SamoBus;
				PRODUCT_NAME = "$(TARGET_NAME)";
				PROVISIONING_PROFILE_SPECIFIER = "";
				SWIFT_EMIT_LOC_STRINGS = YES;
				SWIFT_VERSION = 5.0;
				TARGETED_DEVICE_FAMILY = "1,2";
			};
			name = Release;
		};
		FDEE7CFB2D1AB25C0033329F /* Debug */ = {
			isa = XCBuildConfiguration;
			buildSettings = {
				BUNDLE_LOADER = "$(TEST_HOST)";
				"CODE_SIGN_IDENTITY[sdk=macosx*]" = "-";
				CODE_SIGN_STYLE = Automatic;
				CURRENT_PROJECT_VERSION = 1;
				DEVELOPMENT_TEAM = 6DJ8U75L57;
				GENERATE_INFOPLIST_FILE = YES;
				IPHONEOS_DEPLOYMENT_TARGET = 18.2;
				MARKETING_VERSION = 1.0;
				PRODUCT_BUNDLE_IDENTIFIER = mihael.koic.SamoBusTests;
				PRODUCT_NAME = "$(TARGET_NAME)";
				SWIFT_EMIT_LOC_STRINGS = NO;
				SWIFT_VERSION = 5.0;
				TARGETED_DEVICE_FAMILY = "1,2";
				TEST_HOST = "$(BUILT_PRODUCTS_DIR)/SamoBus.app/$(BUNDLE_EXECUTABLE_FOLDER_PATH)/SamoBus";
			};
			name = Debug;
		};
		FDEE7CFC2D1AB25C0033329F /* Release */ = {
			isa = XCBuildConfiguration;
			buildSettings = {
				BUNDLE_LOADER = "$(TEST_HOST)";
				"CODE_SIGN_IDENTITY[sdk=macosx*]" = "-";
				CODE_SIGN_STYLE = Automatic;
				CURRENT_PROJECT_VERSION = 1;
				DEVELOPMENT_TEAM = 6DJ8U75L57;
				GENERATE_INFOPLIST_FILE = YES;
				IPHONEOS_DEPLOYMENT_TARGET = 18.2;
				MARKETING_VERSION = 1.0;
				PRODUCT_BUNDLE_IDENTIFIER = mihael.koic.SamoBusTests;
				PRODUCT_NAME = "$(TARGET_NAME)";
				SWIFT_EMIT_LOC_STRINGS = NO;
				SWIFT_VERSION = 5.0;
				TARGETED_DEVICE_FAMILY = "1,2";
				TEST_HOST = "$(BUILT_PRODUCTS_DIR)/SamoBus.app/$(BUNDLE_EXECUTABLE_FOLDER_PATH)/SamoBus";
			};
			name = Release;
		};
		FDEE7CFE2D1AB25C0033329F /* Debug */ = {
			isa = XCBuildConfiguration;
			buildSettings = {
				"CODE_SIGN_IDENTITY[sdk=macosx*]" = "-";
				CODE_SIGN_STYLE = Automatic;
				CURRENT_PROJECT_VERSION = 1;
				DEVELOPMENT_TEAM = 6DJ8U75L57;
				GENERATE_INFOPLIST_FILE = YES;
				MARKETING_VERSION = 1.0;
				PRODUCT_BUNDLE_IDENTIFIER = mihael.koic.SamoBusUITests;
				PRODUCT_NAME = "$(TARGET_NAME)";
				SWIFT_EMIT_LOC_STRINGS = NO;
				SWIFT_VERSION = 5.0;
				TARGETED_DEVICE_FAMILY = "1,2";
				TEST_TARGET_NAME = SamoBus;
			};
			name = Debug;
		};
		FDEE7CFF2D1AB25C0033329F /* Release */ = {
			isa = XCBuildConfiguration;
			buildSettings = {
				"CODE_SIGN_IDENTITY[sdk=macosx*]" = "-";
				CODE_SIGN_STYLE = Automatic;
				CURRENT_PROJECT_VERSION = 1;
				DEVELOPMENT_TEAM = 6DJ8U75L57;
				GENERATE_INFOPLIST_FILE = YES;
				MARKETING_VERSION = 1.0;
				PRODUCT_BUNDLE_IDENTIFIER = mihael.koic.SamoBusUITests;
				PRODUCT_NAME = "$(TARGET_NAME)";
				SWIFT_EMIT_LOC_STRINGS = NO;
				SWIFT_VERSION = 5.0;
				TARGETED_DEVICE_FAMILY = "1,2";
				TEST_TARGET_NAME = SamoBus;
			};
			name = Release;
		};
/* End XCBuildConfiguration section */

/* Begin XCConfigurationList section */
		FDEE7CCE2D1AB25A0033329F /* Build configuration list for PBXProject "SamoBus" */ = {
			isa = XCConfigurationList;
			buildConfigurations = (
				FDEE7CF52D1AB25C0033329F /* Debug */,
				FDEE7CF62D1AB25C0033329F /* Release */,
			);
			defaultConfigurationIsVisible = 0;
			defaultConfigurationName = Release;
		};
		FDEE7CF72D1AB25C0033329F /* Build configuration list for PBXNativeTarget "SamoBus" */ = {
			isa = XCConfigurationList;
			buildConfigurations = (
				FDEE7CF82D1AB25C0033329F /* Debug */,
				FDEE7CF92D1AB25C0033329F /* Release */,
			);
			defaultConfigurationIsVisible = 0;
			defaultConfigurationName = Release;
		};
		FDEE7CFA2D1AB25C0033329F /* Build configuration list for PBXNativeTarget "SamoBusTests" */ = {
			isa = XCConfigurationList;
			buildConfigurations = (
				FDEE7CFB2D1AB25C0033329F /* Debug */,
				FDEE7CFC2D1AB25C0033329F /* Release */,
			);
			defaultConfigurationIsVisible = 0;
			defaultConfigurationName = Release;
		};
		FDEE7CFD2D1AB25C0033329F /* Build configuration list for PBXNativeTarget "SamoBusUITests" */ = {
			isa = XCConfigurationList;
			buildConfigurations = (
				FDEE7CFE2D1AB25C0033329F /* Debug */,
				FDEE7CFF2D1AB25C0033329F /* Release */,
			);
			defaultConfigurationIsVisible = 0;
			defaultConfigurationName = Release;
		};
/* End XCConfigurationList section */

/* Begin XCRemoteSwiftPackageReference section */
		FD81931C2D28350C00A1394A /* XCRemoteSwiftPackageReference "swift-package-manager-google-mobile-ads" */ = {
			isa = XCRemoteSwiftPackageReference;
			repositoryURL = "https://github.com/googleads/swift-package-manager-google-mobile-ads.git";
			requirement = {
				kind = upToNextMajorVersion;
				minimumVersion = 11.13.0;
			};
		};
		FD9411592D1ABFCD003D5BC5 /* XCRemoteSwiftPackageReference "wishkit-ios" */ = {
			isa = XCRemoteSwiftPackageReference;
			repositoryURL = "https://github.com/wishkit/wishkit-ios.git";
			requirement = {
				kind = upToNextMajorVersion;
				minimumVersion = 4.6.0;
			};
		};
/* End XCRemoteSwiftPackageReference section */

/* Begin XCSwiftPackageProductDependency section */
		FD478DC12D1D48CC00A70534 /* WishKit */ = {
			isa = XCSwiftPackageProductDependency;
			package = FD9411592D1ABFCD003D5BC5 /* XCRemoteSwiftPackageReference "wishkit-ios" */;
			productName = WishKit;
		};
		FD81931E2D28355800A1394A /* GoogleMobileAds */ = {
			isa = XCSwiftPackageProductDependency;
			package = FD81931C2D28350C00A1394A /* XCRemoteSwiftPackageReference "swift-package-manager-google-mobile-ads" */;
			productName = GoogleMobileAds;
		};
/* End XCSwiftPackageProductDependency section */
	};
	rootObject = FDEE7CCB2D1AB25A0033329F /* Project object */;
}
